{
  "lockfileVersion": 1,
  "workspaces": {
    "": {
      "dependencies": {
        "@nestjs/passport": "^11.0.5",
      },
    },
  },
  "packages": {
    "@lukeed/csprng": ["@lukeed/csprng@1.1.0", "", {}, "sha512-Z7C/xXCiGWsg0KuKsHTKJxbWhpI3Vs5GwLfOean7MGyVFGqdRgBbAjOCh6u4bbjPc/8MJ2pZmK/0DLdCbivLDA=="],

    "@nestjs/common": ["@nestjs/common@11.0.12", "", { "dependencies": { "iterare": "1.2.1", "tslib": "2.8.1", "uid": "2.0.2" }, "peerDependencies": { "class-transformer": "*", "class-validator": "*", "reflect-metadata": "^0.1.12 || ^0.2.0", "rxjs": "^7.1.0" }, "optionalPeers": ["class-transformer", "class-validator"] }, "sha512-6PXxmDe2iYmb57xacnxzpW1NAxRZ7Gf+acMT7/hmRB/4KpZiFU/cNvLWwgbM2BL5QSzQulOwY6ny5bbKnPpB+A=="],

    "@nestjs/passport": ["@nestjs/passport@11.0.5", "", { "peerDependencies": { "@nestjs/common": "^10.0.0 || ^11.0.0", "passport": "^0.5.0 || ^0.6.0 || ^0.7.0" } }, "sha512-ulQX6mbjlws92PIM15Naes4F4p2JoxGnIJuUsdXQPT+Oo2sqQmENEZXM7eYuimocfHnKlcfZOuyzbA33LwUlOQ=="],

    "iterare": ["iterare@1.2.1", "", {}, "sha512-RKYVTCjAnRthyJes037NX/IiqeidgN1xc3j1RjFfECFp28A1GVwK9nA+i0rJPaHqSZwygLzRnFlzUuHFoWWy+Q=="],

    "passport": ["passport@0.7.0", "", { "dependencies": { "passport-strategy": "1.x.x", "pause": "0.0.1", "utils-merge": "^1.0.1" } }, "sha512-cPLl+qZpSc+ireUvt+IzqbED1cHHkDoVYMo30jbJIdOOjQ1MQYZBPiNvmi8UM6lJuOpTPXJGZQk0DtC4y61MYQ=="],

    "passport-strategy": ["passport-strategy@1.0.0", "", {}, "sha512-CB97UUvDKJde2V0KDWWB3lyf6PC3FaZP7YxZ2G8OAtn9p4HI9j9JLP9qjOGZFvyl8uwNT8qM+hGnz/n16NI7oA=="],

    "pause": ["pause@0.0.1", "", {}, "sha512-KG8UEiEVkR3wGEb4m5yZkVCzigAD+cVEJck2CzYZO37ZGJfctvVptVO192MwrtPhzONn6go8ylnOdMhKqi4nfg=="],

    "reflect-metadata": ["reflect-metadata@0.2.2", "", {}, "sha512-urBwgfrvVP/eAyXx4hluJivBKzuEbSQs9rKWCrCkbSxNv8mxPcUZKeuoF3Uy4mJl3Lwprp6yy5/39VWigZ4K6Q=="],

    "rxjs": ["rxjs@7.8.2", "", { "dependencies": { "tslib": "^2.1.0" } }, "sha512-dhKf903U/PQZY6boNNtAGdWbG85WAbjT/1xYoZIC7FAY0yWapOBQVsVrDl58W86//e1VpMNBtRV4MaXfdMySFA=="],

    "tslib": ["tslib@2.8.1", "", {}, "sha512-oJFu94HQb+KVduSUQL7wnpmqnfmLsOA/nAh6b6EH0wCEoK0/mPeXU6c3wKDV83MkOuHPRHtSXKKU99IBazS/2w=="],

    "uid": ["uid@2.0.2", "", { "dependencies": { "@lukeed/csprng": "^1.0.0" } }, "sha512-u3xV3X7uzvi5b1MncmZo3i2Aw222Zk1keqLA1YkHldREkAhAqi65wuPfe7lHx8H/Wzy+8CE7S7uS3jekIM5s8g=="],

    "utils-merge": ["utils-merge@1.0.1", "", {}, "sha512-pMZTvIkT1d+TFGvDOqodOclx0QWkkgi6Tdoa8gC8ffGAAqz9pzPTZWAybbsHHoED/ztMtkv/VoYTYyShUn81hA=="],
  }
}
